
Microsoft Visual Studio Solution File, Format Version 12.00
# Visual Studio Version 17
VisualStudioVersion = 17.0.32112.339
MinimumVisualStudioVersion = 10.0.40219.1
Project("{FAE04EC0-301F-11D3-BF4B-00C04F79EFBC}") = "dotNET-module5-Practice", "dotNET-module5-Practice\dotNET-module5-Practice.csproj", "{0DA00D70-9383-42D4-A29D-72F74CF541F6}"
EndProject
Global
	GlobalSection(SolutionConfigurationPlatforms) = preSolution
		Debug|Any CPU = Debug|Any CPU
		Release|Any CPU = Release|Any CPU
	EndGlobalSection
	GlobalSection(ProjectConfigurationPlatforms) = postSolution
		{0DA00D70-9383-42D4-A29D-72F74CF541F6}.Debug|Any CPU.ActiveCfg = Debug|Any CPU
		{0DA00D70-9383-42D4-A29D-72F74CF541F6}.Debug|Any CPU.Build.0 = Debug|Any CPU
		{0DA00D70-9383-42D4-A29D-72F74CF541F6}.Release|Any CPU.ActiveCfg = Release|Any CPU
		{0DA00D70-9383-42D4-A29D-72F74CF541F6}.Release|Any CPU.Build.0 = Release|Any CPU
	EndGlobalSection
	GlobalSection(SolutionProperties) = preSolution
		HideSolutionNode = FALSE
	EndGlobalSection
	GlobalSection(ExtensibilityGlobals) = postSolution
		SolutionGuid = {CCBEE586-385F-4DFB-BEB5-8754A7CB5391}
	EndGlobalSection
EndGlobal
